{
  "version": 4,
  "terraform_version": "1.14.7",
  "serial": 11,
  "lineage": "9da8c94a-7a72-3275-5668-2bceedd9ce22",
  "outputs": {
    "compose_content": {
      "value": "services:\n  qwen3-vl-embd-8b:\n    image: vllm/vllm-openai:cu130-nightly\n    restart: unless-stopped\n    ports:\n      - \"8081:8081\"\n    deploy:\n      resources:\n        reservations:\n          devices:\n            - driver: nvidia\n              count: 1\n              capabilities: [gpu]\n    healthcheck:\n      test: [\"CMD-SHELL\", \"curl -sf http://localhost:8081/health || exit 1\"]\n      interval: 15s\n      timeout: 5s\n      retries: 60\n      start_period: 120s\n    command:\n      - RamManavalan/Qwen3-VL-Embedding-8B-FP8\n      - --served-model-name\n      - qwen3-vl-embd-8b\n      - --port\n      - \"8081\"\n      - --runner\n      - pooling\n      - --trust-remote-code\n      - --gpu-memory-utilization\n      - \"0.25\"\n      - --max-model-len\n      - \"8192\"\n      - --limit-mm-per-prompt\n      - '{\"image\":1}'\n    volumes:\n      - hf-cache:/root/.cache/huggingface\n    logging:\n      driver: awslogs\n      options:\n        awslogs-region: \"us-east-2\"\n        awslogs-group: \"/ec2-serve/embd/qwen3-vl-8b\"\n        awslogs-create-group: \"true\"\n\n  qwen3-vl-embd-2b:\n    image: vllm/vllm-openai:cu130-nightly\n    restart: unless-stopped\n    ports:\n      - \"8082:8082\"\n    deploy:\n      resources:\n        reservations:\n          devices:\n            - driver: nvidia\n              count: 1\n              capabilities: [gpu]\n    depends_on:\n      qwen3-vl-embd-8b:\n        condition: service_healthy\n    command:\n      - Qwen/Qwen3-VL-Embedding-2B\n      - --served-model-name\n      - qwen3-vl-embd-2b\n      - --port\n      - \"8082\"\n      - --runner\n      - pooling\n      - --trust-remote-code\n      - --gpu-memory-utilization\n      - \"0.15\"\n      - --max-model-len\n      - \"8192\"\n      - --limit-mm-per-prompt\n      - '{\"image\":1}'\n\n    volumes:\n      - hf-cache:/root/.cache/huggingface\n    logging:\n      driver: awslogs\n      options:\n        awslogs-region: \"us-east-2\"\n        awslogs-group: \"/ec2-serve/embd/qwen3-vl-2b\"\n        awslogs-create-group: \"true\"\n\nvolumes:\n  hf-cache:\n",
      "type": "string"
    },
    "embd_2b_url": {
      "value": "http://3.138.41.246:8082",
      "type": "string"
    },
    "embd_8b_url": {
      "value": "http://3.138.41.246:8081",
      "type": "string"
    },
    "instance_id": {
      "value": "i-05338a6119cf35a66",
      "type": "string"
    },
    "public_ip": {
      "value": "3.138.41.246",
      "type": "string"
    }
  },
  "resources": [
    {
      "mode": "data",
      "type": "aws_subnets",
      "name": "public",
      "provider": "provider[\"registry.terraform.io/hashicorp/aws\"]",
      "instances": [
        {
          "schema_version": 0,
          "attributes": {
            "filter": [
              {
                "name": "map-public-ip-on-launch",
                "values": [
                  "true"
                ]
              },
              {
                "name": "vpc-id",
                "values": [
                  "vpc-097a3bf6bd387ae0b"
                ]
              }
            ],
            "id": "us-east-2",
            "ids": [
              "subnet-0422b1fcdfad08398",
              "subnet-0bebfdbcb24499424",
              "subnet-043f80460c9b9f382"
            ],
            "region": "us-east-2",
            "tags": null,
            "timeouts": null
          },
          "sensitive_attributes": [],
          "identity_schema_version": 0
        }
      ]
    },
    {
      "module": "module.compute",
      "mode": "data",
      "type": "aws_ami",
      "name": "deep_learning",
      "provider": "provider[\"registry.terraform.io/hashicorp/aws\"]",
      "instances": [
        {
          "schema_version": 0,
          "attributes": {
            "allow_unsafe_filter": null,
            "architecture": "x86_64",
            "arn": "arn:aws:ec2:us-east-2::image/ami-00b992483154ae623",
            "block_device_mappings": [
              {
                "device_name": "/dev/sda1",
                "ebs": {
                  "delete_on_termination": "true",
                  "encrypted": "false",
                  "iops": "3000",
                  "snapshot_id": "snap-03d24943c63cbe300",
                  "throughput": "125",
                  "volume_initialization_rate": "0",
                  "volume_size": "40",
                  "volume_type": "gp3"
                },
                "no_device": "",
                "virtual_name": ""
              },
              {
                "device_name": "/dev/sdb",
                "ebs": {},
                "no_device": "",
                "virtual_name": "ephemeral0"
              },
              {
                "device_name": "/dev/sdc",
                "ebs": {},
                "no_device": "",
                "virtual_name": "ephemeral1"
              }
            ],
            "boot_mode": "uefi-preferred",
            "creation_date": "2026-03-22T14:23:02.000Z",
            "deprecation_time": "2028-03-22T14:23:02.000Z",
            "description": "Supported EC2 instances: G4dn, G5, G6, Gr6, G6e, P4, P4de, P5, P5e, P5en, P6-B200. Release notes: https://docs.aws.amazon.com/dlami/latest/devguide/appendix-ami-release-notes.html",
            "ena_support": true,
            "executable_users": null,
            "filter": [
              {
                "name": "architecture",
                "values": [
                  "x86_64"
                ]
              },
              {
                "name": "name",
                "values": [
                  "Deep Learning OSS Nvidia Driver AMI GPU PyTorch * (Ubuntu 22.04) *"
                ]
              },
              {
                "name": "state",
                "values": [
                  "available"
                ]
              }
            ],
            "hypervisor": "xen",
            "id": "ami-00b992483154ae623",
            "image_id": "ami-00b992483154ae623",
            "image_location": "amazon/Deep Learning OSS Nvidia Driver AMI GPU PyTorch 2.7 (Ubuntu 22.04) 20260322",
            "image_owner_alias": "amazon",
            "image_type": "machine",
            "imds_support": "",
            "include_deprecated": false,
            "kernel_id": "",
            "last_launched_time": "",
            "most_recent": true,
            "name": "Deep Learning OSS Nvidia Driver AMI GPU PyTorch 2.7 (Ubuntu 22.04) 20260322",
            "name_regex": null,
            "owner_id": "898082745236",
            "owners": [
              "amazon"
            ],
            "platform": "",
            "platform_details": "Linux/UNIX",
            "product_codes": [],
            "public": true,
            "ramdisk_id": "",
            "region": "us-east-2",
            "root_device_name": "/dev/sda1",
            "root_device_type": "ebs",
            "root_snapshot_id": "snap-03d24943c63cbe300",
            "sriov_net_support": "simple",
            "state": "available",
            "state_reason": {
              "code": "UNSET",
              "message": "UNSET"
            },
            "tags": {},
            "timeouts": null,
            "tpm_support": "",
            "uefi_data": null,
            "usage_operation": "RunInstances",
            "virtualization_type": "hvm"
          },
          "sensitive_attributes": [],
          "identity_schema_version": 0
        }
      ]
    },
    {
      "module": "module.compute",
      "mode": "managed",
      "type": "aws_eip",
      "name": "this",
      "provider": "provider[\"registry.terraform.io/hashicorp/aws\"]",
      "instances": [
        {
          "schema_version": 0,
          "attributes": {
            "address": null,
            "allocation_id": "eipalloc-03aee80be4608415c",
            "arn": "arn:aws:ec2:us-east-2:064561338865:elastic-ip/eipalloc-03aee80be4608415c",
            "associate_with_private_ip": null,
            "association_id": "",
            "carrier_ip": "",
            "customer_owned_ip": "",
            "customer_owned_ipv4_pool": "",
            "domain": "vpc",
            "id": "eipalloc-03aee80be4608415c",
            "instance": "",
            "ipam_pool_id": null,
            "network_border_group": "us-east-2",
            "network_interface": "",
            "private_dns": null,
            "private_ip": "",
            "ptr_record": "",
            "public_dns": "ec2-3-138-41-246.us-east-2.compute.amazonaws.com",
            "public_ip": "3.138.41.246",
            "public_ipv4_pool": "amazon",
            "region": "us-east-2",
            "tags": {
              "Name": "ec2-serve-embd-eip"
            },
            "tags_all": {
              "Name": "ec2-serve-embd-eip"
            },
            "timeouts": null
          },
          "sensitive_attributes": [],
          "identity_schema_version": 0,
          "private": "eyJlMmJmYjczMC1lY2FhLTExZTYtOGY4OC0zNDM2M2JjN2M0YzAiOnsiZGVsZXRlIjoxODAwMDAwMDAwMDAsInJlYWQiOjkwMDAwMDAwMDAwMCwidXBkYXRlIjozMDAwMDAwMDAwMDB9fQ=="
        }
      ]
    },
    {
      "module": "module.compute",
      "mode": "managed",
      "type": "aws_eip_association",
      "name": "this",
      "provider": "provider[\"registry.terraform.io/hashicorp/aws\"]",
      "instances": [
        {
          "schema_version": 0,
          "attributes": {
            "allocation_id": "eipalloc-03aee80be4608415c",
            "allow_reassociation": null,
            "id": "eipassoc-06bbde50938ce7a32",
            "instance_id": "i-05338a6119cf35a66",
            "network_interface_id": "eni-0c4e5db41c8e1a910",
            "private_ip_address": "172.31.26.107",
            "public_ip": "3.138.41.246",
            "region": "us-east-2"
          },
          "sensitive_attributes": [],
          "identity_schema_version": 0,
          "private": "bnVsbA==",
          "dependencies": [
            "aws_key_pair.this",
            "module.compute.aws_eip.this",
            "module.compute.aws_instance.this",
            "module.compute.data.aws_ami.deep_learning",
            "module.embd.aws_security_group.this",
            "module.storage.aws_iam_instance_profile.ec2",
            "module.storage.aws_iam_role.ec2"
          ]
        }
      ]
    },
    {
      "module": "module.compute",
      "mode": "managed",
      "type": "aws_instance",
      "name": "this",
      "provider": "provider[\"registry.terraform.io/hashicorp/aws\"]",
      "instances": [
        {
          "schema_version": 2,
          "attributes": {
            "ami": "ami-00b992483154ae623",
            "arn": "arn:aws:ec2:us-east-2:064561338865:instance/i-05338a6119cf35a66",
            "associate_public_ip_address": true,
            "availability_zone": "us-east-2b",
            "capacity_reservation_specification": [
              {
                "capacity_reservation_preference": "open",
                "capacity_reservation_target": []
              }
            ],
            "cpu_options": [
              {
                "amd_sev_snp": "",
                "core_count": 4,
                "nested_virtualization": "",
                "threads_per_core": 2
              }
            ],
            "credit_specification": [],
            "disable_api_stop": false,
            "disable_api_termination": false,
            "ebs_block_device": [],
            "ebs_optimized": false,
            "enable_primary_ipv6": null,
            "enclave_options": [
              {
                "enabled": false
              }
            ],
            "ephemeral_block_device": [],
            "force_destroy": false,
            "get_password_data": false,
            "hibernation": false,
            "host_id": "",
            "host_resource_group_arn": null,
            "iam_instance_profile": "ec2-serve-embd-ec2-profile",
            "id": "i-05338a6119cf35a66",
            "instance_initiated_shutdown_behavior": "stop",
            "instance_lifecycle": "spot",
            "instance_market_options": [
              {
                "market_type": "spot",
                "spot_options": [
                  {
                    "instance_interruption_behavior": "stop",
                    "max_price": "2.000000",
                    "spot_instance_type": "persistent",
                    "valid_until": ""
                  }
                ]
              }
            ],
            "instance_state": "running",
            "instance_type": "g7e.2xlarge",
            "ipv6_address_count": 0,
            "ipv6_addresses": [],
            "key_name": "",
            "launch_template": [],
            "maintenance_options": [
              {
                "auto_recovery": "default"
              }
            ],
            "metadata_options": [
              {
                "http_endpoint": "enabled",
                "http_protocol_ipv6": "disabled",
                "http_put_response_hop_limit": 1,
                "http_tokens": "optional",
                "instance_metadata_tags": "disabled"
              }
            ],
            "monitoring": false,
            "network_interface": [],
            "outpost_arn": "",
            "password_data": "",
            "placement_group": "",
            "placement_group_id": "",
            "placement_partition_number": 0,
            "primary_network_interface": [
              {
                "delete_on_termination": true,
                "network_interface_id": "eni-0c4e5db41c8e1a910"
              }
            ],
            "primary_network_interface_id": "eni-0c4e5db41c8e1a910",
            "private_dns": "ip-172-31-26-107.us-east-2.compute.internal",
            "private_dns_name_options": [
              {
                "enable_resource_name_dns_a_record": false,
                "enable_resource_name_dns_aaaa_record": false,
                "hostname_type": "ip-name"
              }
            ],
            "private_ip": "172.31.26.107",
            "public_dns": "ec2-18-191-100-240.us-east-2.compute.amazonaws.com",
            "public_ip": "18.191.100.240",
            "region": "us-east-2",
            "root_block_device": [
              {
                "delete_on_termination": true,
                "device_name": "/dev/sda1",
                "encrypted": false,
                "iops": 3000,
                "kms_key_id": "",
                "tags": null,
                "tags_all": {},
                "throughput": 125,
                "volume_id": "vol-0210e7af6acfac4ad",
                "volume_size": 300,
                "volume_type": "gp3"
              }
            ],
            "secondary_network_interface": [],
            "secondary_private_ips": [],
            "security_groups": [
              "ec2-serve-embd-embd-sg"
            ],
            "source_dest_check": true,
            "spot_instance_request_id": "sir-2cnfdtam",
            "subnet_id": "subnet-0422b1fcdfad08398",
            "tags": {
              "Name": "ec2-serve-embd-instance",
              "environment": "embd",
              "project": "ec2-serve",
              "service": "embd"
            },
            "tags_all": {
              "Name": "ec2-serve-embd-instance",
              "environment": "embd",
              "project": "ec2-serve",
              "service": "embd"
            },
            "tenancy": "default",
            "timeouts": null,
            "user_data": null,
            "user_data_base64": "IyEvYmluL2Jhc2gKIyBVc2VyIGRhdGEgZm9yIGVtYmQ6IHdyaXRlcyBjb21wb3NlIGZpbGUgYW5kIHN0YXJ0cyB2TExNIGVtYmVkZGluZyBzZXJ2aWNlcy4KCmNhdCA+IC92YXIvbGliL2Nsb3VkL3NjcmlwdHMvcGVyLWJvb3Qvc3RhcnQtZW1iZC5zaCA8PCAnQk9PVFNDUklQVCcKIyEvYmluL2Jhc2gKc2V0IC1ldW8gcGlwZWZhaWwKCkRFUExPWV9ESVI9Ii9vcHQvZWMyLXNlcnZlIgoKIyDilIDilIAgU3RhcnQgc2VydmljZXMg4pSA4pSA4pSA4pSA4pSA4pSA4pSA4pSA4pSA4pSA4pSA4pSA4pSA4pSA4pSA4pSA4pSA4pSA4pSA4pSA4pSA4pSA4pSA4pSA4pSA4pSA4pSA4pSA4pSA4pSA4pSA4pSA4pSA4pSA4pSA4pSA4pSA4pSA4pSA4pSA4pSA4pSA4pSA4pSA4pSA4pSACmNkICIkREVQTE9ZX0RJUiIKZG9ja2VyIGNvbXBvc2UgcHVsbApkb2NrZXIgY29tcG9zZSB1cCAtZCAtLXJlbW92ZS1vcnBoYW5zCgpCT09UU0NSSVBUCgpjaG1vZCAreCAvdmFyL2xpYi9jbG91ZC9zY3JpcHRzL3Blci1ib290L3N0YXJ0LWVtYmQuc2gKCiMgV3JpdGUgZG9ja2VyLWNvbXBvc2UueW1sCm1rZGlyIC1wIC9vcHQvZWMyLXNlcnZlCmNhdCA+IC9vcHQvZWMyLXNlcnZlL2RvY2tlci1jb21wb3NlLnltbCA8PCAnQ09NUE9TRUZJTEUnCnNlcnZpY2VzOgogIHF3ZW4zLXZsLWVtYmQtOGI6CiAgICBpbWFnZTogdmxsbS92bGxtLW9wZW5haTpjdTEzMC1uaWdodGx5CiAgICByZXN0YXJ0OiB1bmxlc3Mtc3RvcHBlZAogICAgcG9ydHM6CiAgICAgIC0gIjgwODE6ODA4MSIKICAgIGRlcGxveToKICAgICAgcmVzb3VyY2VzOgogICAgICAgIHJlc2VydmF0aW9uczoKICAgICAgICAgIGRldmljZXM6CiAgICAgICAgICAgIC0gZHJpdmVyOiBudmlkaWEKICAgICAgICAgICAgICBjb3VudDogMQogICAgICAgICAgICAgIGNhcGFiaWxpdGllczogW2dwdV0KICAgIGhlYWx0aGNoZWNrOgogICAgICB0ZXN0OiBbIkNNRC1TSEVMTCIsICJjdXJsIC1zZiBodHRwOi8vbG9jYWxob3N0OjgwODEvaGVhbHRoIHx8IGV4aXQgMSJdCiAgICAgIGludGVydmFsOiAxNXMKICAgICAgdGltZW91dDogNXMKICAgICAgcmV0cmllczogNjAKICAgICAgc3RhcnRfcGVyaW9kOiAxMjBzCiAgICBjb21tYW5kOgogICAgICAtIFJhbU1hbmF2YWxhbi9Rd2VuMy1WTC1FbWJlZGRpbmctOEItRlA4CiAgICAgIC0gLS1zZXJ2ZWQtbW9kZWwtbmFtZQogICAgICAtIHF3ZW4zLXZsLWVtYmQtOGIKICAgICAgLSAtLXBvcnQKICAgICAgLSAiODA4MSIKICAgICAgLSAtLXJ1bm5lcgogICAgICAtIHBvb2xpbmcKICAgICAgLSAtLXRydXN0LXJlbW90ZS1jb2RlCiAgICAgIC0gLS1ncHUtbWVtb3J5LXV0aWxpemF0aW9uCiAgICAgIC0gIjAuMjUiCiAgICAgIC0gLS1tYXgtbW9kZWwtbGVuCiAgICAgIC0gIjgxOTIiCiAgICAgIC0gLS1saW1pdC1tbS1wZXItcHJvbXB0CiAgICAgIC0gJ3siaW1hZ2UiOjF9JwogICAgdm9sdW1lczoKICAgICAgLSBoZi1jYWNoZTovcm9vdC8uY2FjaGUvaHVnZ2luZ2ZhY2UKICAgIGxvZ2dpbmc6CiAgICAgIGRyaXZlcjogYXdzbG9ncwogICAgICBvcHRpb25zOgogICAgICAgIGF3c2xvZ3MtcmVnaW9uOiAidXMtZWFzdC0yIgogICAgICAgIGF3c2xvZ3MtZ3JvdXA6ICIvZWMyLXNlcnZlL2VtYmQvcXdlbjMtdmwtOGIiCiAgICAgICAgYXdzbG9ncy1jcmVhdGUtZ3JvdXA6ICJ0cnVlIgoKICBxd2VuMy12bC1lbWJkLTJiOgogICAgaW1hZ2U6IHZsbG0vdmxsbS1vcGVuYWk6Y3UxMzAtbmlnaHRseQogICAgcmVzdGFydDogdW5sZXNzLXN0b3BwZWQKICAgIHBvcnRzOgogICAgICAtICI4MDgyOjgwODIiCiAgICBkZXBsb3k6CiAgICAgIHJlc291cmNlczoKICAgICAgICByZXNlcnZhdGlvbnM6CiAgICAgICAgICBkZXZpY2VzOgogICAgICAgICAgICAtIGRyaXZlcjogbnZpZGlhCiAgICAgICAgICAgICAgY291bnQ6IDEKICAgICAgICAgICAgICBjYXBhYmlsaXRpZXM6IFtncHVdCiAgICBkZXBlbmRzX29uOgogICAgICBxd2VuMy12bC1lbWJkLThiOgogICAgICAgIGNvbmRpdGlvbjogc2VydmljZV9oZWFsdGh5CiAgICBjb21tYW5kOgogICAgICAtIFF3ZW4vUXdlbjMtVkwtRW1iZWRkaW5nLTJCCiAgICAgIC0gLS1zZXJ2ZWQtbW9kZWwtbmFtZQogICAgICAtIHF3ZW4zLXZsLWVtYmQtMmIKICAgICAgLSAtLXBvcnQKICAgICAgLSAiODA4MiIKICAgICAgLSAtLXJ1bm5lcgogICAgICAtIHBvb2xpbmcKICAgICAgLSAtLXRydXN0LXJlbW90ZS1jb2RlCiAgICAgIC0gLS1ncHUtbWVtb3J5LXV0aWxpemF0aW9uCiAgICAgIC0gIjAuMTUiCiAgICAgIC0gLS1tYXgtbW9kZWwtbGVuCiAgICAgIC0gIjgxOTIiCiAgICAgIC0gLS1saW1pdC1tbS1wZXItcHJvbXB0CiAgICAgIC0gJ3siaW1hZ2UiOjF9JwoKICAgIHZvbHVtZXM6CiAgICAgIC0gaGYtY2FjaGU6L3Jvb3QvLmNhY2hlL2h1Z2dpbmdmYWNlCiAgICBsb2dnaW5nOgogICAgICBkcml2ZXI6IGF3c2xvZ3MKICAgICAgb3B0aW9uczoKICAgICAgICBhd3Nsb2dzLXJlZ2lvbjogInVzLWVhc3QtMiIKICAgICAgICBhd3Nsb2dzLWdyb3VwOiAiL2VjMi1zZXJ2ZS9lbWJkL3F3ZW4zLXZsLTJiIgogICAgICAgIGF3c2xvZ3MtY3JlYXRlLWdyb3VwOiAidHJ1ZSIKCnZvbHVtZXM6CiAgaGYtY2FjaGU6CgpDT01QT1NFRklMRQoKIyBSdW4gaW1tZWRpYXRlbHkgb24gZmlyc3QgYm9vdAovdmFyL2xpYi9jbG91ZC9zY3JpcHRzL3Blci1ib290L3N0YXJ0LWVtYmQuc2gK",
            "user_data_replace_on_change": false,
            "volume_tags": null,
            "vpc_security_group_ids": [
              "sg-07c41bc89ed777cd0"
            ]
          },
          "sensitive_attributes": [],
          "identity_schema_version": 0,
          "identity": {
            "account_id": "064561338865",
            "id": "i-05338a6119cf35a66",
            "region": "us-east-2"
          },
          "private": "eyJlMmJmYjczMC1lY2FhLTExZTYtOGY4OC0zNDM2M2JjN2M0YzAiOnsiY3JlYXRlIjo2MDAwMDAwMDAwMDAsImRlbGV0ZSI6MTIwMDAwMDAwMDAwMCwicmVhZCI6OTAwMDAwMDAwMDAwLCJ1cGRhdGUiOjYwMDAwMDAwMDAwMH0sInNjaGVtYV92ZXJzaW9uIjoiMiJ9",
          "dependencies": [
            "aws_key_pair.this",
            "module.compute.data.aws_ami.deep_learning",
            "module.embd.aws_security_group.this",
            "module.storage.aws_iam_instance_profile.ec2",
            "module.storage.aws_iam_role.ec2"
          ]
        }
      ]
    },
    {
      "module": "module.embd",
      "mode": "managed",
      "type": "aws_security_group",
      "name": "this",
      "provider": "provider[\"registry.terraform.io/hashicorp/aws\"]",
      "instances": [
        {
          "schema_version": 1,
          "attributes": {
            "arn": "arn:aws:ec2:us-east-2:064561338865:security-group/sg-07c41bc89ed777cd0",
            "description": "Security group for ec2-serve-embd-embd",
            "egress": [
              {
                "cidr_blocks": [
                  "0.0.0.0/0"
                ],
                "description": "",
                "from_port": 0,
                "ipv6_cidr_blocks": [],
                "prefix_list_ids": [],
                "protocol": "-1",
                "security_groups": [],
                "self": false,
                "to_port": 0
              }
            ],
            "id": "sg-07c41bc89ed777cd0",
            "ingress": [
              {
                "cidr_blocks": [
                  "167.77.192.18/32",
                  "71.182.199.107/32"
                ],
                "description": "Qwen3-VL-Embedding-2B (vLLM pooling)",
                "from_port": 8082,
                "ipv6_cidr_blocks": [],
                "prefix_list_ids": [],
                "protocol": "tcp",
                "security_groups": [],
                "self": false,
                "to_port": 8082
              },
              {
                "cidr_blocks": [
                  "167.77.192.18/32",
                  "71.182.199.107/32"
                ],
                "description": "Qwen3-VL-Embedding-8B (vLLM pooling)",
                "from_port": 8081,
                "ipv6_cidr_blocks": [],
                "prefix_list_ids": [],
                "protocol": "tcp",
                "security_groups": [],
                "self": false,
                "to_port": 8081
              },
              {
                "cidr_blocks": [
                  "167.77.192.18/32",
                  "71.182.199.107/32"
                ],
                "description": "SSH",
                "from_port": 22,
                "ipv6_cidr_blocks": [],
                "prefix_list_ids": [],
                "protocol": "tcp",
                "security_groups": [],
                "self": false,
                "to_port": 22
              }
            ],
            "name": "ec2-serve-embd-embd-sg",
            "name_prefix": "",
            "owner_id": "064561338865",
            "region": "us-east-2",
            "revoke_rules_on_delete": false,
            "tags": {
              "Name": "ec2-serve-embd-embd-sg"
            },
            "tags_all": {
              "Name": "ec2-serve-embd-embd-sg"
            },
            "timeouts": null,
            "vpc_id": "vpc-097a3bf6bd387ae0b"
          },
          "sensitive_attributes": [],
          "identity_schema_version": 0,
          "identity": {
            "account_id": "064561338865",
            "id": "sg-07c41bc89ed777cd0",
            "region": "us-east-2"
          },
          "private": "eyJlMmJmYjczMC1lY2FhLTExZTYtOGY4OC0zNDM2M2JjN2M0YzAiOnsiY3JlYXRlIjo2MDAwMDAwMDAwMDAsImRlbGV0ZSI6OTAwMDAwMDAwMDAwfSwic2NoZW1hX3ZlcnNpb24iOiIxIn0="
        }
      ]
    },
    {
      "module": "module.storage",
      "mode": "managed",
      "type": "aws_iam_instance_profile",
      "name": "ec2",
      "provider": "provider[\"registry.terraform.io/hashicorp/aws\"]",
      "instances": [
        {
          "schema_version": 0,
          "attributes": {
            "arn": "arn:aws:iam::064561338865:instance-profile/ec2-serve-embd-ec2-profile",
            "create_date": "2026-04-12T19:43:06Z",
            "id": "ec2-serve-embd-ec2-profile",
            "name": "ec2-serve-embd-ec2-profile",
            "name_prefix": "",
            "path": "/",
            "role": "ec2-serve-embd-ec2-role",
            "tags": null,
            "tags_all": {},
            "unique_id": "AIPAQ6CBH3HY2SVLNCT7F"
          },
          "sensitive_attributes": [],
          "identity_schema_version": 0,
          "identity": {
            "account_id": "064561338865",
            "name": "ec2-serve-embd-ec2-profile"
          },
          "private": "bnVsbA==",
          "dependencies": [
            "module.storage.aws_iam_role.ec2"
          ]
        }
      ]
    },
    {
      "module": "module.storage",
      "mode": "managed",
      "type": "aws_iam_role",
      "name": "ec2",
      "provider": "provider[\"registry.terraform.io/hashicorp/aws\"]",
      "instances": [
        {
          "schema_version": 0,
          "attributes": {
            "arn": "arn:aws:iam::064561338865:role/ec2-serve-embd-ec2-role",
            "assume_role_policy": "{\"Statement\":[{\"Action\":\"sts:AssumeRole\",\"Effect\":\"Allow\",\"Principal\":{\"Service\":\"ec2.amazonaws.com\"}}],\"Version\":\"2012-10-17\"}",
            "create_date": "2026-04-12T19:43:05Z",
            "description": "",
            "force_detach_policies": false,
            "id": "ec2-serve-embd-ec2-role",
            "inline_policy": [],
            "managed_policy_arns": [],
            "max_session_duration": 3600,
            "name": "ec2-serve-embd-ec2-role",
            "name_prefix": "",
            "path": "/",
            "permissions_boundary": "",
            "tags": null,
            "tags_all": {},
            "unique_id": "AROAQ6CBH3HY2ZTK7DVLS"
          },
          "sensitive_attributes": [],
          "identity_schema_version": 0,
          "identity": {
            "account_id": "064561338865",
            "name": "ec2-serve-embd-ec2-role"
          },
          "private": "bnVsbA=="
        }
      ]
    },
    {
      "module": "module.storage",
      "mode": "managed",
      "type": "aws_iam_role_policy",
      "name": "cloudwatch_logs",
      "provider": "provider[\"registry.terraform.io/hashicorp/aws\"]",
      "instances": [
        {
          "schema_version": 0,
          "attributes": {
            "id": "ec2-serve-embd-ec2-role:cloudwatch-logs",
            "name": "cloudwatch-logs",
            "name_prefix": "",
            "policy": "{\"Version\":\"2012-10-17\",\"Statement\":[{\"Action\":[\"logs:CreateLogGroup\",\"logs:CreateLogStream\",\"logs:PutLogEvents\"],\"Effect\":\"Allow\",\"Resource\":\"arn:aws:logs:*:*:*\"}]}",
            "role": "ec2-serve-embd-ec2-role"
          },
          "sensitive_attributes": [],
          "identity_schema_version": 0,
          "identity": {
            "account_id": "064561338865",
            "name": "cloudwatch-logs",
            "role": "ec2-serve-embd-ec2-role"
          },
          "private": "bnVsbA==",
          "dependencies": [
            "module.storage.aws_iam_role.ec2"
          ]
        }
      ]
    },
    {
      "module": "module.storage",
      "mode": "managed",
      "type": "aws_iam_role_policy",
      "name": "ecr_pull",
      "provider": "provider[\"registry.terraform.io/hashicorp/aws\"]",
      "instances": [
        {
          "schema_version": 0,
          "attributes": {
            "id": "ec2-serve-embd-ec2-role:ecr-pull",
            "name": "ecr-pull",
            "name_prefix": "",
            "policy": "{\"Version\":\"2012-10-17\",\"Statement\":[{\"Action\":[\"ecr:GetAuthorizationToken\",\"ecr:BatchGetImage\",\"ecr:GetDownloadUrlForLayer\"],\"Effect\":\"Allow\",\"Resource\":\"*\"}]}",
            "role": "ec2-serve-embd-ec2-role"
          },
          "sensitive_attributes": [],
          "identity_schema_version": 0,
          "identity": {
            "account_id": "064561338865",
            "name": "ecr-pull",
            "role": "ec2-serve-embd-ec2-role"
          },
          "private": "bnVsbA==",
          "dependencies": [
            "module.storage.aws_iam_role.ec2"
          ]
        }
      ]
    },
    {
      "module": "module.storage",
      "mode": "managed",
      "type": "aws_iam_role_policy",
      "name": "s3_models",
      "provider": "provider[\"registry.terraform.io/hashicorp/aws\"]",
      "instances": [
        {
          "schema_version": 0,
          "attributes": {
            "id": "ec2-serve-embd-ec2-role:s3-models",
            "name": "s3-models",
            "name_prefix": "",
            "policy": "{\"Version\":\"2012-10-17\",\"Statement\":[{\"Action\":[\"s3:GetObject\",\"s3:ListBucket\"],\"Effect\":\"Allow\",\"Resource\":[\"arn:aws:s3:::ykk-serve-models-064561338865\",\"arn:aws:s3:::ykk-serve-models-064561338865/*\"]}]}",
            "role": "ec2-serve-embd-ec2-role"
          },
          "sensitive_attributes": [],
          "identity_schema_version": 0,
          "identity": {
            "account_id": "064561338865",
            "name": "s3-models",
            "role": "ec2-serve-embd-ec2-role"
          },
          "private": "bnVsbA==",
          "dependencies": [
            "module.storage.aws_iam_role.ec2"
          ]
        }
      ]
    },
    {
      "module": "module.storage",
      "mode": "managed",
      "type": "aws_iam_role_policy_attachment",
      "name": "ssm",
      "provider": "provider[\"registry.terraform.io/hashicorp/aws\"]",
      "instances": [
        {
          "schema_version": 0,
          "attributes": {
            "id": "ec2-serve-embd-ec2-role/arn:aws:iam::aws:policy/AmazonSSMManagedInstanceCore",
            "policy_arn": "arn:aws:iam::aws:policy/AmazonSSMManagedInstanceCore",
            "role": "ec2-serve-embd-ec2-role"
          },
          "sensitive_attributes": [],
          "identity_schema_version": 0,
          "identity": {
            "account_id": "064561338865",
            "policy_arn": "arn:aws:iam::aws:policy/AmazonSSMManagedInstanceCore",
            "role": "ec2-serve-embd-ec2-role"
          },
          "private": "bnVsbA==",
          "dependencies": [
            "module.storage.aws_iam_role.ec2"
          ]
        }
      ]
    }
  ],
  "check_results": null
}
